
Microsoft Visual Studio Solution File, Format Version 12.00
# Visual Studio 15
VisualStudioVersion = 15.0.27703.2000
MinimumVisualStudioVersion = 10.0.40219.1
Project("{2150E333-8FDC-42A3-9474-1A3956D46DE8}") = "Solution Items", "Solution Items", "{050C3A52-6725-4022-9EC7-9AE007741E09}"
	ProjectSection(SolutionItems) = preProject
		GPS Parser.vsmdi = GPS Parser.vsmdi
		Local.testsettings = Local.testsettings
		TraceAndTestImpact.testsettings = TraceAndTestImpact.testsettings
	EndProjectSection
EndProject
Project("{FAE04EC0-301F-11D3-BF4B-00C04F79EFBC}") = "GPS Listener Parser", "GPS Listener Parser\GPS Listener Parser.csproj", "{5D94AC34-AAEF-4858-B0A4-5872CCF2F891}"
EndProject
Project("{FAE04EC0-301F-11D3-BF4B-00C04F79EFBC}") = "GPSTest", "Server Listener Tests\GPSTest.csproj", "{AE0B44BF-D89D-4417-9B1F-5C89B83A2A22}"
EndProject
Project("{FAE04EC0-301F-11D3-BF4B-00C04F79EFBC}") = "SimpleDisplayMap", "SimpleDisplayMap\SimpleDisplayMap.csproj", "{5DF0AFB5-3CCC-44C2-85D2-AA45B6E3FC46}"
EndProject
Project("{FAE04EC0-301F-11D3-BF4B-00C04F79EFBC}") = "GPSApplicationAPI", "GPSApplicationAPI\GPSApplicationAPI.csproj", "{9F264618-FC6E-40A5-95F8-69E178C50979}"
EndProject
Global
	GlobalSection(SolutionConfigurationPlatforms) = preSolution
		Debug|Any CPU = Debug|Any CPU
		Release|Any CPU = Release|Any CPU
	EndGlobalSection
	GlobalSection(ProjectConfigurationPlatforms) = postSolution
		{5D94AC34-AAEF-4858-B0A4-5872CCF2F891}.Debug|Any CPU.ActiveCfg = Debug|Any CPU
		{5D94AC34-AAEF-4858-B0A4-5872CCF2F891}.Debug|Any CPU.Build.0 = Debug|Any CPU
		{5D94AC34-AAEF-4858-B0A4-5872CCF2F891}.Release|Any CPU.ActiveCfg = Release|Any CPU
		{5D94AC34-AAEF-4858-B0A4-5872CCF2F891}.Release|Any CPU.Build.0 = Release|Any CPU
		{AE0B44BF-D89D-4417-9B1F-5C89B83A2A22}.Debug|Any CPU.ActiveCfg = Debug|Any CPU
		{AE0B44BF-D89D-4417-9B1F-5C89B83A2A22}.Debug|Any CPU.Build.0 = Debug|Any CPU
		{AE0B44BF-D89D-4417-9B1F-5C89B83A2A22}.Release|Any CPU.ActiveCfg = Release|Any CPU
		{AE0B44BF-D89D-4417-9B1F-5C89B83A2A22}.Release|Any CPU.Build.0 = Release|Any CPU
		{5DF0AFB5-3CCC-44C2-85D2-AA45B6E3FC46}.Debug|Any CPU.ActiveCfg = Debug|Any CPU
		{5DF0AFB5-3CCC-44C2-85D2-AA45B6E3FC46}.Debug|Any CPU.Build.0 = Debug|Any CPU
		{5DF0AFB5-3CCC-44C2-85D2-AA45B6E3FC46}.Release|Any CPU.ActiveCfg = Release|Any CPU
		{5DF0AFB5-3CCC-44C2-85D2-AA45B6E3FC46}.Release|Any CPU.Build.0 = Release|Any CPU
		{9F264618-FC6E-40A5-95F8-69E178C50979}.Debug|Any CPU.ActiveCfg = Debug|Any CPU
		{9F264618-FC6E-40A5-95F8-69E178C50979}.Debug|Any CPU.Build.0 = Debug|Any CPU
		{9F264618-FC6E-40A5-95F8-69E178C50979}.Release|Any CPU.ActiveCfg = Release|Any CPU
		{9F264618-FC6E-40A5-95F8-69E178C50979}.Release|Any CPU.Build.0 = Release|Any CPU
	EndGlobalSection
	GlobalSection(SolutionProperties) = preSolution
		HideSolutionNode = FALSE
	EndGlobalSection
	GlobalSection(ExtensibilityGlobals) = postSolution
		SolutionGuid = {29924212-739C-49B2-B4D6-163B146D0AA3}
	EndGlobalSection
	GlobalSection(TestCaseManagementSettings) = postSolution
		CategoryFile = GPS Parser.vsmdi
	EndGlobalSection
EndGlobal
